// !$*UTF8*$!
{
	archiveVersion = 1;
	classes = {
	};
	objectVersion = 56;
	objects = {

/* Begin PBXBuildFile section */
		1502C5712A45E8B80082613D /* QuoteListView.swift in Sources */ = {isa = PBXBuildFile; fileRef = 1502C5702A45E8B80082613D /* QuoteListView.swift */; };
		150ED6DE2A421A6D00E98B56 /* TextView.swift in Sources */ = {isa = PBXBuildFile; fileRef = 150ED6DD2A421A6D00E98B56 /* TextView.swift */; };
		150ED6E02A421B9F00E98B56 /* ImageView.swift in Sources */ = {isa = PBXBuildFile; fileRef = 150ED6DF2A421B9F00E98B56 /* ImageView.swift */; };
		150ED6E22A421CD800E98B56 /* CategoryPickerView.swift in Sources */ = {isa = PBXBuildFile; fileRef = 150ED6E12A421CD800E98B56 /* CategoryPickerView.swift */; };
		15467F6A2A35CF05008B95E4 /* AnimeQuotesNetwork in Frameworks */ = {isa = PBXBuildFile; productRef = 15467F692A35CF05008B95E4 /* AnimeQuotesNetwork */; };
		155561AC2A365063006B0F0E /* TabManager.swift in Sources */ = {isa = PBXBuildFile; fileRef = 155561AB2A365063006B0F0E /* TabManager.swift */; };
		155561AE2A365101006B0F0E /* SearchQuoteScreen.swift in Sources */ = {isa = PBXBuildFile; fileRef = 155561AD2A365101006B0F0E /* SearchQuoteScreen.swift */; };
		155561B02A3651A5006B0F0E /* FavoriteQuotesScreen.swift in Sources */ = {isa = PBXBuildFile; fileRef = 155561AF2A3651A5006B0F0E /* FavoriteQuotesScreen.swift */; };
		155561B22A3658D6006B0F0E /* Dict.swift in Sources */ = {isa = PBXBuildFile; fileRef = 155561B12A3658D6006B0F0E /* Dict.swift */; };
		155561B52A3667A4006B0F0E /* WaifuPicsNetwork in Frameworks */ = {isa = PBXBuildFile; productRef = 155561B42A3667A4006B0F0E /* WaifuPicsNetwork */; };
		155561BA2A36FD27006B0F0E /* generate_waifu.sh in Resources */ = {isa = PBXBuildFile; fileRef = 155561B92A36FD27006B0F0E /* generate_waifu.sh */; };
		1560D9312A477CDF00EE10CA /* NavigationButtonView.swift in Sources */ = {isa = PBXBuildFile; fileRef = 1560D9302A477CDF00EE10CA /* NavigationButtonView.swift */; };
		157523002A35D1BA00AFE38E /* QuoteManager.swift in Sources */ = {isa = PBXBuildFile; fileRef = 157522FF2A35D1BA00AFE38E /* QuoteManager.swift */; };
		157E57372A3F88FB003BA0C5 /* NavigationStackCustom in Frameworks */ = {isa = PBXBuildFile; productRef = 157E57362A3F88FB003BA0C5 /* NavigationStackCustom */; };
		15A36C232A46F2BD00E958E9 /* HeartView.swift in Sources */ = {isa = PBXBuildFile; fileRef = 15A36C222A46F2BD00E958E9 /* HeartView.swift */; };
		15A36C252A4701E600E958E9 /* QuoteCellView.swift in Sources */ = {isa = PBXBuildFile; fileRef = 15A36C242A4701E600E958E9 /* QuoteCellView.swift */; };
		15BA224E2A45F18C00647A2E /* NavigationButtonsView.swift in Sources */ = {isa = PBXBuildFile; fileRef = 15BA224D2A45F18C00647A2E /* NavigationButtonsView.swift */; };
		15BA22502A4600D400647A2E /* SearchType.swift in Sources */ = {isa = PBXBuildFile; fileRef = 15BA224F2A4600D400647A2E /* SearchType.swift */; };
		15C788F12A38B01800145F06 /* QuoteViewModel.swift in Sources */ = {isa = PBXBuildFile; fileRef = 15C788F02A38B01800145F06 /* QuoteViewModel.swift */; };
		15DF323D2A35DCD20004A114 /* QuoteView.swift in Sources */ = {isa = PBXBuildFile; fileRef = 15DF323C2A35DCD20004A114 /* QuoteView.swift */; };
		15E22E722A44B91F008347B9 /* RandomAccessCollection.swift in Sources */ = {isa = PBXBuildFile; fileRef = 15E22E712A44B91F008347B9 /* RandomAccessCollection.swift */; };
		15E22E752A44BE57008347B9 /* AnimeTitle.swift in Sources */ = {isa = PBXBuildFile; fileRef = 15E22E742A44BE57008347B9 /* AnimeTitle.swift */; };
		15F06BAB2A34D88B00A153E4 /* AniQuotesApp.swift in Sources */ = {isa = PBXBuildFile; fileRef = 15F06BAA2A34D88B00A153E4 /* AniQuotesApp.swift */; };
		15F06BAD2A34D88B00A153E4 /* ContentView.swift in Sources */ = {isa = PBXBuildFile; fileRef = 15F06BAC2A34D88B00A153E4 /* ContentView.swift */; };
		15F06BAF2A34D88E00A153E4 /* Assets.xcassets in Resources */ = {isa = PBXBuildFile; fileRef = 15F06BAE2A34D88E00A153E4 /* Assets.xcassets */; };
		15F06BB22A34D88E00A153E4 /* Preview Assets.xcassets in Resources */ = {isa = PBXBuildFile; fileRef = 15F06BB12A34D88E00A153E4 /* Preview Assets.xcassets */; };
		15F220392A3B910A00463383 /* AnyTransition.swift in Sources */ = {isa = PBXBuildFile; fileRef = 15F220382A3B910A00463383 /* AnyTransition.swift */; };
/* End PBXBuildFile section */

/* Begin PBXFileReference section */
		1502C5702A45E8B80082613D /* QuoteListView.swift */ = {isa = PBXFileReference; lastKnownFileType = sourcecode.swift; path = QuoteListView.swift; sourceTree = "<group>"; };
		150ED6DD2A421A6D00E98B56 /* TextView.swift */ = {isa = PBXFileReference; lastKnownFileType = sourcecode.swift; path = TextView.swift; sourceTree = "<group>"; };
		150ED6DF2A421B9F00E98B56 /* ImageView.swift */ = {isa = PBXFileReference; lastKnownFileType = sourcecode.swift; path = ImageView.swift; sourceTree = "<group>"; };
		150ED6E12A421CD800E98B56 /* CategoryPickerView.swift */ = {isa = PBXFileReference; lastKnownFileType = sourcecode.swift; path = CategoryPickerView.swift; sourceTree = "<group>"; };
		15467F622A34DD5F008B95E4 /* Info.plist */ = {isa = PBXFileReference; lastKnownFileType = text.plist; path = Info.plist; sourceTree = "<group>"; };
		15467F662A34DDD4008B95E4 /* generate_animequotesnetwork.sh */ = {isa = PBXFileReference; lastKnownFileType = text.script.sh; path = generate_animequotesnetwork.sh; sourceTree = SOURCE_ROOT; };
		15467F682A35CEF3008B95E4 /* AnimeQuotesNetwork */ = {isa = PBXFileReference; lastKnownFileType = wrapper; name = AnimeQuotesNetwork; path = Modules/AnimeQuotesNetwork; sourceTree = "<group>"; };
		155561AB2A365063006B0F0E /* TabManager.swift */ = {isa = PBXFileReference; lastKnownFileType = sourcecode.swift; path = TabManager.swift; sourceTree = "<group>"; };
		155561AD2A365101006B0F0E /* SearchQuoteScreen.swift */ = {isa = PBXFileReference; lastKnownFileType = sourcecode.swift; path = SearchQuoteScreen.swift; sourceTree = "<group>"; };
		155561AF2A3651A5006B0F0E /* FavoriteQuotesScreen.swift */ = {isa = PBXFileReference; lastKnownFileType = sourcecode.swift; path = FavoriteQuotesScreen.swift; sourceTree = "<group>"; };
		155561B12A3658D6006B0F0E /* Dict.swift */ = {isa = PBXFileReference; lastKnownFileType = sourcecode.swift; path = Dict.swift; sourceTree = "<group>"; };
		155561B32A366791006B0F0E /* WaifuPicsNetwork */ = {isa = PBXFileReference; lastKnownFileType = wrapper; name = WaifuPicsNetwork; path = Modules/WaifuPicsNetwork; sourceTree = "<group>"; };
		155561B92A36FD27006B0F0E /* generate_waifu.sh */ = {isa = PBXFileReference; lastKnownFileType = text.script.sh; path = generate_waifu.sh; sourceTree = SOURCE_ROOT; };
		1560D9302A477CDF00EE10CA /* NavigationButtonView.swift */ = {isa = PBXFileReference; lastKnownFileType = sourcecode.swift; path = NavigationButtonView.swift; sourceTree = "<group>"; };
		157522FF2A35D1BA00AFE38E /* QuoteManager.swift */ = {isa = PBXFileReference; lastKnownFileType = sourcecode.swift; path = QuoteManager.swift; sourceTree = "<group>"; };
		157E57352A3F886F003BA0C5 /* NavigationStackCustom */ = {isa = PBXFileReference; lastKnownFileType = wrapper; name = NavigationStackCustom; path = Modules/NavigationStackCustom; sourceTree = "<group>"; };
		15A36C222A46F2BD00E958E9 /* HeartView.swift */ = {isa = PBXFileReference; lastKnownFileType = sourcecode.swift; path = HeartView.swift; sourceTree = "<group>"; };
		15A36C242A4701E600E958E9 /* QuoteCellView.swift */ = {isa = PBXFileReference; lastKnownFileType = sourcecode.swift; path = QuoteCellView.swift; sourceTree = "<group>"; };
		15BA224D2A45F18C00647A2E /* NavigationButtonsView.swift */ = {isa = PBXFileReference; lastKnownFileType = sourcecode.swift; path = NavigationButtonsView.swift; sourceTree = "<group>"; };
		15BA224F2A4600D400647A2E /* SearchType.swift */ = {isa = PBXFileReference; lastKnownFileType = sourcecode.swift; path = SearchType.swift; sourceTree = "<group>"; };
		15C788F02A38B01800145F06 /* QuoteViewModel.swift */ = {isa = PBXFileReference; lastKnownFileType = sourcecode.swift; path = QuoteViewModel.swift; sourceTree = "<group>"; };
		15DF323C2A35DCD20004A114 /* QuoteView.swift */ = {isa = PBXFileReference; lastKnownFileType = sourcecode.swift; path = QuoteView.swift; sourceTree = "<group>"; };
		15E22E712A44B91F008347B9 /* RandomAccessCollection.swift */ = {isa = PBXFileReference; lastKnownFileType = sourcecode.swift; path = RandomAccessCollection.swift; sourceTree = "<group>"; };
		15E22E742A44BE57008347B9 /* AnimeTitle.swift */ = {isa = PBXFileReference; lastKnownFileType = sourcecode.swift; path = AnimeTitle.swift; sourceTree = "<group>"; };
		15F06BA72A34D88B00A153E4 /* AniQuotes.app */ = {isa = PBXFileReference; explicitFileType = wrapper.application; includeInIndex = 0; path = AniQuotes.app; sourceTree = BUILT_PRODUCTS_DIR; };
		15F06BAA2A34D88B00A153E4 /* AniQuotesApp.swift */ = {isa = PBXFileReference; lastKnownFileType = sourcecode.swift; path = AniQuotesApp.swift; sourceTree = "<group>"; };
		15F06BAC2A34D88B00A153E4 /* ContentView.swift */ = {isa = PBXFileReference; lastKnownFileType = sourcecode.swift; path = ContentView.swift; sourceTree = "<group>"; };
		15F06BAE2A34D88E00A153E4 /* Assets.xcassets */ = {isa = PBXFileReference; lastKnownFileType = folder.assetcatalog; path = Assets.xcassets; sourceTree = "<group>"; };
		15F06BB12A34D88E00A153E4 /* Preview Assets.xcassets */ = {isa = PBXFileReference; lastKnownFileType = folder.assetcatalog; path = "Preview Assets.xcassets"; sourceTree = "<group>"; };
		15F220382A3B910A00463383 /* AnyTransition.swift */ = {isa = PBXFileReference; lastKnownFileType = sourcecode.swift; path = AnyTransition.swift; sourceTree = "<group>"; };
/* End PBXFileReference section */

/* Begin PBXFrameworksBuildPhase section */
		15F06BA42A34D88B00A153E4 /* Frameworks */ = {
			isa = PBXFrameworksBuildPhase;
			buildActionMask = 2147483647;
			files = (
				15467F6A2A35CF05008B95E4 /* AnimeQuotesNetwork in Frameworks */,
				157E57372A3F88FB003BA0C5 /* NavigationStackCustom in Frameworks */,
				155561B52A3667A4006B0F0E /* WaifuPicsNetwork in Frameworks */,
			);
			runOnlyForDeploymentPostprocessing = 0;
		};
/* End PBXFrameworksBuildPhase section */

/* Begin PBXGroup section */
		15467F632A34DD73008B95E4 /* Frameworks */ = {
			isa = PBXGroup;
			children = (
			);
			name = Frameworks;
			sourceTree = "<group>";
		};
		157522FC2A35D14400AFE38E /* Model */ = {
			isa = PBXGroup;
			children = (
				15E22E732A44BE41008347B9 /* Enum */,
				15E22E702A44B84C008347B9 /* Extension */,
				157522FF2A35D1BA00AFE38E /* QuoteManager.swift */,
				155561AB2A365063006B0F0E /* TabManager.swift */,
				155561B12A3658D6006B0F0E /* Dict.swift */,
				15C788F02A38B01800145F06 /* QuoteViewModel.swift */,
				15F220382A3B910A00463383 /* AnyTransition.swift */,
			);
			path = Model;
			sourceTree = "<group>";
		};
		15DF323B2A35DCB10004A114 /* View */ = {
			isa = PBXGroup;
			children = (
				155561AD2A365101006B0F0E /* SearchQuoteScreen.swift */,
				155561AF2A3651A5006B0F0E /* FavoriteQuotesScreen.swift */,
				1502C5702A45E8B80082613D /* QuoteListView.swift */,
				15A36C242A4701E600E958E9 /* QuoteCellView.swift */,
				15DF323C2A35DCD20004A114 /* QuoteView.swift */,
				15A36C222A46F2BD00E958E9 /* HeartView.swift */,
				150ED6DF2A421B9F00E98B56 /* ImageView.swift */,
				150ED6DD2A421A6D00E98B56 /* TextView.swift */,
				150ED6E12A421CD800E98B56 /* CategoryPickerView.swift */,
				15BA224D2A45F18C00647A2E /* NavigationButtonsView.swift */,
				1560D9302A477CDF00EE10CA /* NavigationButtonView.swift */,
			);
			path = View;
			sourceTree = "<group>";
		};
		15E22E702A44B84C008347B9 /* Extension */ = {
			isa = PBXGroup;
			children = (
				15E22E712A44B91F008347B9 /* RandomAccessCollection.swift */,
			);
			path = Extension;
			sourceTree = "<group>";
		};
		15E22E732A44BE41008347B9 /* Enum */ = {
			isa = PBXGroup;
			children = (
				15E22E742A44BE57008347B9 /* AnimeTitle.swift */,
				15BA224F2A4600D400647A2E /* SearchType.swift */,
			);
			path = Enum;
			sourceTree = "<group>";
		};
		15F06B9E2A34D88A00A153E4 = {
			isa = PBXGroup;
			children = (
				157E57352A3F886F003BA0C5 /* NavigationStackCustom */,
				155561B32A366791006B0F0E /* WaifuPicsNetwork */,
				15467F682A35CEF3008B95E4 /* AnimeQuotesNetwork */,
				15F06BA92A34D88B00A153E4 /* AniQuotes */,
				15F06BA82A34D88B00A153E4 /* Products */,
				15467F632A34DD73008B95E4 /* Frameworks */,
			);
			sourceTree = "<group>";
		};
		15F06BA82A34D88B00A153E4 /* Products */ = {
			isa = PBXGroup;
			children = (
				15F06BA72A34D88B00A153E4 /* AniQuotes.app */,
			);
			name = Products;
			sourceTree = "<group>";
		};
		15F06BA92A34D88B00A153E4 /* AniQuotes */ = {
			isa = PBXGroup;
			children = (
				15467F662A34DDD4008B95E4 /* generate_animequotesnetwork.sh */,
				155561B92A36FD27006B0F0E /* generate_waifu.sh */,
				15467F622A34DD5F008B95E4 /* Info.plist */,
				15F06BAA2A34D88B00A153E4 /* AniQuotesApp.swift */,
				15F06BAC2A34D88B00A153E4 /* ContentView.swift */,
				157522FC2A35D14400AFE38E /* Model */,
				15DF323B2A35DCB10004A114 /* View */,
				15F06BAE2A34D88E00A153E4 /* Assets.xcassets */,
				15F06BB02A34D88E00A153E4 /* Preview Content */,
			);
			path = AniQuotes;
			sourceTree = "<group>";
		};
		15F06BB02A34D88E00A153E4 /* Preview Content */ = {
			isa = PBXGroup;
			children = (
				15F06BB12A34D88E00A153E4 /* Preview Assets.xcassets */,
			);
			path = "Preview Content";
			sourceTree = "<group>";
		};
/* End PBXGroup section */

/* Begin PBXNativeTarget section */
		15F06BA62A34D88B00A153E4 /* AniQuotes */ = {
			isa = PBXNativeTarget;
			buildConfigurationList = 15F06BB52A34D88E00A153E4 /* Build configuration list for PBXNativeTarget "AniQuotes" */;
			buildPhases = (
				15F06BA32A34D88B00A153E4 /* Sources */,
				15F06BA42A34D88B00A153E4 /* Frameworks */,
				15F06BA52A34D88B00A153E4 /* Resources */,
			);
			buildRules = (
			);
			dependencies = (
			);
			name = AniQuotes;
			packageProductDependencies = (
				15467F692A35CF05008B95E4 /* AnimeQuotesNetwork */,
				155561B42A3667A4006B0F0E /* WaifuPicsNetwork */,
				157E57362A3F88FB003BA0C5 /* NavigationStackCustom */,
			);
			productName = AniQuotes;
			productReference = 15F06BA72A34D88B00A153E4 /* AniQuotes.app */;
			productType = "com.apple.product-type.application";
		};
/* End PBXNativeTarget section */

/* Begin PBXProject section */
		15F06B9F2A34D88B00A153E4 /* Project object */ = {
			isa = PBXProject;
			attributes = {
				BuildIndependentTargetsInParallel = 1;
				LastSwiftUpdateCheck = 1430;
				LastUpgradeCheck = 1430;
				TargetAttributes = {
					15F06BA62A34D88B00A153E4 = {
						CreatedOnToolsVersion = 14.3.1;
					};
				};
			};
			buildConfigurationList = 15F06BA22A34D88B00A153E4 /* Build configuration list for PBXProject "AniQuotes" */;
			compatibilityVersion = "Xcode 14.0";
			developmentRegion = en;
			hasScannedForEncodings = 0;
			knownRegions = (
				en,
				Base,
			);
			mainGroup = 15F06B9E2A34D88A00A153E4;
			productRefGroup = 15F06BA82A34D88B00A153E4 /* Products */;
			projectDirPath = "";
			projectRoot = "";
			targets = (
				15F06BA62A34D88B00A153E4 /* AniQuotes */,
			);
		};
/* End PBXProject section */

/* Begin PBXResourcesBuildPhase section */
		15F06BA52A34D88B00A153E4 /* Resources */ = {
			isa = PBXResourcesBuildPhase;
			buildActionMask = 2147483647;
			files = (
				155561BA2A36FD27006B0F0E /* generate_waifu.sh in Resources */,
				15F06BB22A34D88E00A153E4 /* Preview Assets.xcassets in Resources */,
				15F06BAF2A34D88E00A153E4 /* Assets.xcassets in Resources */,
			);
			runOnlyForDeploymentPostprocessing = 0;
		};
/* End PBXResourcesBuildPhase section */

/* Begin PBXSourcesBuildPhase section */
		15F06BA32A34D88B00A153E4 /* Sources */ = {
			isa = PBXSourcesBuildPhase;
			buildActionMask = 2147483647;
			files = (
				15C788F12A38B01800145F06 /* QuoteViewModel.swift in Sources */,
				155561AC2A365063006B0F0E /* TabManager.swift in Sources */,
				155561B22A3658D6006B0F0E /* Dict.swift in Sources */,
				15BA22502A4600D400647A2E /* SearchType.swift in Sources */,
				15BA224E2A45F18C00647A2E /* NavigationButtonsView.swift in Sources */,
				15F06BAD2A34D88B00A153E4 /* ContentView.swift in Sources */,
				150ED6E02A421B9F00E98B56 /* ImageView.swift in Sources */,
				15E22E722A44B91F008347B9 /* RandomAccessCollection.swift in Sources */,
				15E22E752A44BE57008347B9 /* AnimeTitle.swift in Sources */,
				15A36C252A4701E600E958E9 /* QuoteCellView.swift in Sources */,
				15F06BAB2A34D88B00A153E4 /* AniQuotesApp.swift in Sources */,
				15F220392A3B910A00463383 /* AnyTransition.swift in Sources */,
				157523002A35D1BA00AFE38E /* QuoteManager.swift in Sources */,
				1560D9312A477CDF00EE10CA /* NavigationButtonView.swift in Sources */,
				15A36C232A46F2BD00E958E9 /* HeartView.swift in Sources */,
				1502C5712A45E8B80082613D /* QuoteListView.swift in Sources */,
				150ED6DE2A421A6D00E98B56 /* TextView.swift in Sources */,
				155561AE2A365101006B0F0E /* SearchQuoteScreen.swift in Sources */,
				155561B02A3651A5006B0F0E /* FavoriteQuotesScreen.swift in Sources */,
				150ED6E22A421CD800E98B56 /* CategoryPickerView.swift in Sources */,
				15DF323D2A35DCD20004A114 /* QuoteView.swift in Sources */,
			);
			runOnlyForDeploymentPostprocessing = 0;
		};
/* End PBXSourcesBuildPhase section */

/* Begin XCBuildConfiguration section */
		15F06BB32A34D88E00A153E4 /* Debug */ = {
			isa = XCBuildConfiguration;
			buildSettings = {
				ALWAYS_SEARCH_USER_PATHS = NO;
				CLANG_ANALYZER_NONNULL = YES;
				CLANG_ANALYZER_NUMBER_OBJECT_CONVERSION = YES_AGGRESSIVE;
				CLANG_CXX_LANGUAGE_STANDARD = "gnu++20";
				CLANG_ENABLE_MODULES = YES;
				CLANG_ENABLE_OBJC_ARC = YES;
				CLANG_ENABLE_OBJC_WEAK = YES;
				CLANG_WARN_BLOCK_CAPTURE_AUTORELEASING = YES;
				CLANG_WARN_BOOL_CONVERSION = YES;
				CLANG_WARN_COMMA = YES;
				CLANG_WARN_CONSTANT_CONVERSION = YES;
				CLANG_WARN_DEPRECATED_OBJC_IMPLEMENTATIONS = YES;
				CLANG_WARN_DIRECT_OBJC_ISA_USAGE = YES_ERROR;
				CLANG_WARN_DOCUMENTATION_COMMENTS = YES;
				CLANG_WARN_EMPTY_BODY = YES;
				CLANG_WARN_ENUM_CONVERSION = YES;
				CLANG_WARN_INFINITE_RECURSION = YES;
				CLANG_WARN_INT_CONVERSION = YES;
				CLANG_WARN_NON_LITERAL_NULL_CONVERSION = YES;
				CLANG_WARN_OBJC_IMPLICIT_RETAIN_SELF = YES;
				CLANG_WARN_OBJC_LITERAL_CONVERSION = YES;
				CLANG_WARN_OBJC_ROOT_CLASS = YES_ERROR;
				CLANG_WARN_QUOTED_INCLUDE_IN_FRAMEWORK_HEADER = YES;
				CLANG_WARN_RANGE_LOOP_ANALYSIS = YES;
				CLANG_WARN_STRICT_PROTOTYPES = YES;
				CLANG_WARN_SUSPICIOUS_MOVE = YES;
				CLANG_WARN_UNGUARDED_AVAILABILITY = YES_AGGRESSIVE;
				CLANG_WARN_UNREACHABLE_CODE = YES;
				CLANG_WARN__DUPLICATE_METHOD_MATCH = YES;
				COPY_PHASE_STRIP = NO;
				DEBUG_INFORMATION_FORMAT = dwarf;
				ENABLE_STRICT_OBJC_MSGSEND = YES;
				ENABLE_TESTABILITY = YES;
				GCC_C_LANGUAGE_STANDARD = gnu11;
				GCC_DYNAMIC_NO_PIC = NO;
				GCC_NO_COMMON_BLOCKS = YES;
				GCC_OPTIMIZATION_LEVEL = 0;
				GCC_PREPROCESSOR_DEFINITIONS = (
					"DEBUG=1",
					"$(inherited)",
				);
				GCC_WARN_64_TO_32_BIT_CONVERSION = YES;
				GCC_WARN_ABOUT_RETURN_TYPE = YES_ERROR;
				GCC_WARN_UNDECLARED_SELECTOR = YES;
				GCC_WARN_UNINITIALIZED_AUTOS = YES_AGGRESSIVE;
				GCC_WARN_UNUSED_FUNCTION = YES;
				GCC_WARN_UNUSED_VARIABLE = YES;
				IPHONEOS_DEPLOYMENT_TARGET = 16.4;
				MTL_ENABLE_DEBUG_INFO = INCLUDE_SOURCE;
				MTL_FAST_MATH = YES;
				ONLY_ACTIVE_ARCH = YES;
				SDKROOT = iphoneos;
				SWIFT_ACTIVE_COMPILATION_CONDITIONS = DEBUG;
				SWIFT_OPTIMIZATION_LEVEL = "-Onone";
			};
			name = Debug;
		};
		15F06BB42A34D88E00A153E4 /* Release */ = {
			isa = XCBuildConfiguration;
			buildSettings = {
				ALWAYS_SEARCH_USER_PATHS = NO;
				CLANG_ANALYZER_NONNULL = YES;
				CLANG_ANALYZER_NUMBER_OBJECT_CONVERSION = YES_AGGRESSIVE;
				CLANG_CXX_LANGUAGE_STANDARD = "gnu++20";
				CLANG_ENABLE_MODULES = YES;
				CLANG_ENABLE_OBJC_ARC = YES;
				CLANG_ENABLE_OBJC_WEAK = YES;
				CLANG_WARN_BLOCK_CAPTURE_AUTORELEASING = YES;
				CLANG_WARN_BOOL_CONVERSION = YES;
				CLANG_WARN_COMMA = YES;
				CLANG_WARN_CONSTANT_CONVERSION = YES;
				CLANG_WARN_DEPRECATED_OBJC_IMPLEMENTATIONS = YES;
				CLANG_WARN_DIRECT_OBJC_ISA_USAGE = YES_ERROR;
				CLANG_WARN_DOCUMENTATION_COMMENTS = YES;
				CLANG_WARN_EMPTY_BODY = YES;
				CLANG_WARN_ENUM_CONVERSION = YES;
				CLANG_WARN_INFINITE_RECURSION = YES;
				CLANG_WARN_INT_CONVERSION = YES;
				CLANG_WARN_NON_LITERAL_NULL_CONVERSION = YES;
				CLANG_WARN_OBJC_IMPLICIT_RETAIN_SELF = YES;
				CLANG_WARN_OBJC_LITERAL_CONVERSION = YES;
				CLANG_WARN_OBJC_ROOT_CLASS = YES_ERROR;
				CLANG_WARN_QUOTED_INCLUDE_IN_FRAMEWORK_HEADER = YES;
				CLANG_WARN_RANGE_LOOP_ANALYSIS = YES;
				CLANG_WARN_STRICT_PROTOTYPES = YES;
				CLANG_WARN_SUSPICIOUS_MOVE = YES;
				CLANG_WARN_UNGUARDED_AVAILABILITY = YES_AGGRESSIVE;
				CLANG_WARN_UNREACHABLE_CODE = YES;
				CLANG_WARN__DUPLICATE_METHOD_MATCH = YES;
				COPY_PHASE_STRIP = NO;
				DEBUG_INFORMATION_FORMAT = "dwarf-with-dsym";
				ENABLE_NS_ASSERTIONS = NO;
				ENABLE_STRICT_OBJC_MSGSEND = YES;
				GCC_C_LANGUAGE_STANDARD = gnu11;
				GCC_NO_COMMON_BLOCKS = YES;
				GCC_WARN_64_TO_32_BIT_CONVERSION = YES;
				GCC_WARN_ABOUT_RETURN_TYPE = YES_ERROR;
				GCC_WARN_UNDECLARED_SELECTOR = YES;
				GCC_WARN_UNINITIALIZED_AUTOS = YES_AGGRESSIVE;
				GCC_WARN_UNUSED_FUNCTION = YES;
				GCC_WARN_UNUSED_VARIABLE = YES;
				IPHONEOS_DEPLOYMENT_TARGET = 16.4;
				MTL_ENABLE_DEBUG_INFO = NO;
				MTL_FAST_MATH = YES;
				SDKROOT = iphoneos;
				SWIFT_COMPILATION_MODE = wholemodule;
				SWIFT_OPTIMIZATION_LEVEL = "-O";
				VALIDATE_PRODUCT = YES;
			};
			name = Release;
		};
		15F06BB62A34D88E00A153E4 /* Debug */ = {
			isa = XCBuildConfiguration;
			buildSettings = {
				ASSETCATALOG_COMPILER_APPICON_NAME = AppIcon;
				ASSETCATALOG_COMPILER_GLOBAL_ACCENT_COLOR_NAME = AccentColor;
				CODE_SIGN_STYLE = Automatic;
				CURRENT_PROJECT_VERSION = 1;
				DEVELOPMENT_ASSET_PATHS = "\"AniQuotes/Preview Content\"";
				DEVELOPMENT_TEAM = U2FNWP55H5;
				ENABLE_PREVIEWS = YES;
				GENERATE_INFOPLIST_FILE = YES;
				INFOPLIST_FILE = AniQuotes/Info.plist;
				INFOPLIST_KEY_UIApplicationSceneManifest_Generation = YES;
				INFOPLIST_KEY_UIApplicationSupportsIndirectInputEvents = YES;
				INFOPLIST_KEY_UILaunchScreen_Generation = YES;
				INFOPLIST_KEY_UISupportedInterfaceOrientations_iPad = "UIInterfaceOrientationPortrait UIInterfaceOrientationPortraitUpsideDown UIInterfaceOrientationLandscapeLeft UIInterfaceOrientationLandscapeRight";
				INFOPLIST_KEY_UISupportedInterfaceOrientations_iPhone = "UIInterfaceOrientationPortrait UIInterfaceOrientationLandscapeLeft UIInterfaceOrientationLandscapeRight";
				LD_RUNPATH_SEARCH_PATHS = (
					"$(inherited)",
					"@executable_path/Frameworks",
				);
				MARKETING_VERSION = 1.0;
				PRODUCT_BUNDLE_IDENTIFIER = com.mityunindmitry.AniQuotes;
				PRODUCT_NAME = "$(TARGET_NAME)";
				SWIFT_EMIT_LOC_STRINGS = YES;
				SWIFT_VERSION = 5.0;
				TARGETED_DEVICE_FAMILY = "1,2";
			};
			name = Debug;
		};
		15F06BB72A34D88E00A153E4 /* Release */ = {
			isa = XCBuildConfiguration;
			buildSettings = {
				ASSETCATALOG_COMPILER_APPICON_NAME = AppIcon;
				ASSETCATALOG_COMPILER_GLOBAL_ACCENT_COLOR_NAME = AccentColor;
				CODE_SIGN_STYLE = Automatic;
				CURRENT_PROJECT_VERSION = 1;
				DEVELOPMENT_ASSET_PATHS = "\"AniQuotes/Preview Content\"";
				DEVELOPMENT_TEAM = U2FNWP55H5;
				ENABLE_PREVIEWS = YES;
				GENERATE_INFOPLIST_FILE = YES;
				INFOPLIST_FILE = AniQuotes/Info.plist;
				INFOPLIST_KEY_UIApplicationSceneManifest_Generation = YES;
				INFOPLIST_KEY_UIApplicationSupportsIndirectInputEvents = YES;
				INFOPLIST_KEY_UILaunchScreen_Generation = YES;
				INFOPLIST_KEY_UISupportedInterfaceOrientations_iPad = "UIInterfaceOrientationPortrait UIInterfaceOrientationPortraitUpsideDown UIInterfaceOrientationLandscapeLeft UIInterfaceOrientationLandscapeRight";
				INFOPLIST_KEY_UISupportedInterfaceOrientations_iPhone = "UIInterfaceOrientationPortrait UIInterfaceOrientationLandscapeLeft UIInterfaceOrientationLandscapeRight";
				LD_RUNPATH_SEARCH_PATHS = (
					"$(inherited)",
					"@executable_path/Frameworks",
				);
				MARKETING_VERSION = 1.0;
				PRODUCT_BUNDLE_IDENTIFIER = com.mityunindmitry.AniQuotes;
				PRODUCT_NAME = "$(TARGET_NAME)";
				SWIFT_EMIT_LOC_STRINGS = YES;
				SWIFT_VERSION = 5.0;
				TARGETED_DEVICE_FAMILY = "1,2";
			};
			name = Release;
		};
/* End XCBuildConfiguration section */

/* Begin XCConfigurationList section */
		15F06BA22A34D88B00A153E4 /* Build configuration list for PBXProject "AniQuotes" */ = {
			isa = XCConfigurationList;
			buildConfigurations = (
				15F06BB32A34D88E00A153E4 /* Debug */,
				15F06BB42A34D88E00A153E4 /* Release */,
			);
			defaultConfigurationIsVisible = 0;
			defaultConfigurationName = Release;
		};
		15F06BB52A34D88E00A153E4 /* Build configuration list for PBXNativeTarget "AniQuotes" */ = {
			isa = XCConfigurationList;
			buildConfigurations = (
				15F06BB62A34D88E00A153E4 /* Debug */,
				15F06BB72A34D88E00A153E4 /* Release */,
			);
			defaultConfigurationIsVisible = 0;
			defaultConfigurationName = Release;
		};
/* End XCConfigurationList section */

/* Begin XCSwiftPackageProductDependency section */
		15467F692A35CF05008B95E4 /* AnimeQuotesNetwork */ = {
			isa = XCSwiftPackageProductDependency;
			productName = AnimeQuotesNetwork;
		};
		155561B42A3667A4006B0F0E /* WaifuPicsNetwork */ = {
			isa = XCSwiftPackageProductDependency;
			productName = WaifuPicsNetwork;
		};
		157E57362A3F88FB003BA0C5 /* NavigationStackCustom */ = {
			isa = XCSwiftPackageProductDependency;
			productName = NavigationStackCustom;
		};
/* End XCSwiftPackageProductDependency section */
	};
	rootObject = 15F06B9F2A34D88B00A153E4 /* Project object */;
}
